
Microsoft Visual Studio Solution File, Format Version 12.00
# Visual Studio Version 17
VisualStudioVersion = 17.0.31903.59
MinimumVisualStudioVersion = 10.0.40219.1
Project("{2150E333-8FDC-42A3-9474-1A3956D46DE8}") = "src", "src", "{97B1E2DD-CA9F-4A5F-AED1-510A7F3AEFC2}"
EndProject
Project("{FAE04EC0-301F-11D3-BF4B-00C04F79EFBC}") = "AuctionService", "src\AuctionService\AuctionService.csproj", "{ACF3976D-DE29-454F-AEE5-09E160F24C7D}"
EndProject
Project("{FAE04EC0-301F-11D3-BF4B-00C04F79EFBC}") = "SearchService", "src\SearchService\SearchService.csproj", "{AD898E46-D1B1-435B-A24D-CA0826B8753F}"
EndProject
Project("{FAE04EC0-301F-11D3-BF4B-00C04F79EFBC}") = "Contracts", "src\Contracts\Contracts.csproj", "{70B2AFAE-C764-4EA9-8BD5-88C87923D986}"
EndProject
Project("{FAE04EC0-301F-11D3-BF4B-00C04F79EFBC}") = "IdentityService", "src\IdentityService\IdentityService.csproj", "{4DDA9607-1C2B-49C6-86CD-2642C5E603A4}"
EndProject
Project("{FAE04EC0-301F-11D3-BF4B-00C04F79EFBC}") = "GetawayService", "src\GetawayService\GetawayService.csproj", "{97CD9944-5BB8-4738-BD0C-D251F3BCCC98}"
EndProject
Project("{FAE04EC0-301F-11D3-BF4B-00C04F79EFBC}") = "GatewayService", "src\GatewayService\GatewayService.csproj", "{B1E22681-4511-4B6C-AB33-11F8455B2B54}"
EndProject
Global
	GlobalSection(SolutionConfigurationPlatforms) = preSolution
		Debug|Any CPU = Debug|Any CPU
		Release|Any CPU = Release|Any CPU
	EndGlobalSection
	GlobalSection(SolutionProperties) = preSolution
		HideSolutionNode = FALSE
	EndGlobalSection
	GlobalSection(ProjectConfigurationPlatforms) = postSolution
		{ACF3976D-DE29-454F-AEE5-09E160F24C7D}.Debug|Any CPU.ActiveCfg = Debug|Any CPU
		{ACF3976D-DE29-454F-AEE5-09E160F24C7D}.Debug|Any CPU.Build.0 = Debug|Any CPU
		{ACF3976D-DE29-454F-AEE5-09E160F24C7D}.Release|Any CPU.ActiveCfg = Release|Any CPU
		{ACF3976D-DE29-454F-AEE5-09E160F24C7D}.Release|Any CPU.Build.0 = Release|Any CPU
		{AD898E46-D1B1-435B-A24D-CA0826B8753F}.Debug|Any CPU.ActiveCfg = Debug|Any CPU
		{AD898E46-D1B1-435B-A24D-CA0826B8753F}.Debug|Any CPU.Build.0 = Debug|Any CPU
		{AD898E46-D1B1-435B-A24D-CA0826B8753F}.Release|Any CPU.ActiveCfg = Release|Any CPU
		{AD898E46-D1B1-435B-A24D-CA0826B8753F}.Release|Any CPU.Build.0 = Release|Any CPU
		{70B2AFAE-C764-4EA9-8BD5-88C87923D986}.Debug|Any CPU.ActiveCfg = Debug|Any CPU
		{70B2AFAE-C764-4EA9-8BD5-88C87923D986}.Debug|Any CPU.Build.0 = Debug|Any CPU
		{70B2AFAE-C764-4EA9-8BD5-88C87923D986}.Release|Any CPU.ActiveCfg = Release|Any CPU
		{70B2AFAE-C764-4EA9-8BD5-88C87923D986}.Release|Any CPU.Build.0 = Release|Any CPU
		{4DDA9607-1C2B-49C6-86CD-2642C5E603A4}.Debug|Any CPU.ActiveCfg = Debug|Any CPU
		{4DDA9607-1C2B-49C6-86CD-2642C5E603A4}.Debug|Any CPU.Build.0 = Debug|Any CPU
		{4DDA9607-1C2B-49C6-86CD-2642C5E603A4}.Release|Any CPU.ActiveCfg = Release|Any CPU
		{4DDA9607-1C2B-49C6-86CD-2642C5E603A4}.Release|Any CPU.Build.0 = Release|Any CPU
		{97CD9944-5BB8-4738-BD0C-D251F3BCCC98}.Debug|Any CPU.ActiveCfg = Debug|Any CPU
		{97CD9944-5BB8-4738-BD0C-D251F3BCCC98}.Debug|Any CPU.Build.0 = Debug|Any CPU
		{97CD9944-5BB8-4738-BD0C-D251F3BCCC98}.Release|Any CPU.ActiveCfg = Release|Any CPU
		{97CD9944-5BB8-4738-BD0C-D251F3BCCC98}.Release|Any CPU.Build.0 = Release|Any CPU
		{B1E22681-4511-4B6C-AB33-11F8455B2B54}.Debug|Any CPU.ActiveCfg = Debug|Any CPU
		{B1E22681-4511-4B6C-AB33-11F8455B2B54}.Debug|Any CPU.Build.0 = Debug|Any CPU
		{B1E22681-4511-4B6C-AB33-11F8455B2B54}.Release|Any CPU.ActiveCfg = Release|Any CPU
		{B1E22681-4511-4B6C-AB33-11F8455B2B54}.Release|Any CPU.Build.0 = Release|Any CPU
	EndGlobalSection
	GlobalSection(NestedProjects) = preSolution
		{ACF3976D-DE29-454F-AEE5-09E160F24C7D} = {97B1E2DD-CA9F-4A5F-AED1-510A7F3AEFC2}
		{AD898E46-D1B1-435B-A24D-CA0826B8753F} = {97B1E2DD-CA9F-4A5F-AED1-510A7F3AEFC2}
		{70B2AFAE-C764-4EA9-8BD5-88C87923D986} = {97B1E2DD-CA9F-4A5F-AED1-510A7F3AEFC2}
		{4DDA9607-1C2B-49C6-86CD-2642C5E603A4} = {97B1E2DD-CA9F-4A5F-AED1-510A7F3AEFC2}
		{97CD9944-5BB8-4738-BD0C-D251F3BCCC98} = {97B1E2DD-CA9F-4A5F-AED1-510A7F3AEFC2}
		{B1E22681-4511-4B6C-AB33-11F8455B2B54} = {97B1E2DD-CA9F-4A5F-AED1-510A7F3AEFC2}
	EndGlobalSection
EndGlobal
